
Microsoft Visual Studio Solution File, Format Version 12.00
Project("{FAE04EC0-301F-11D3-BF4B-00C04F79EFBC}") = "RaccoonDB", "RaccoonDB\RaccoonDB.csproj", "{57509CCB-58E2-4C11-974B-985D499E7A32}"
EndProject
Project("{FAE04EC0-301F-11D3-BF4B-00C04F79EFBC}") = "EntityFrameworkCore.RaccoonDb", "EntityFrameworkCore.RaccoonDb\EntityFrameworkCore.RaccoonDb.csproj", "{FDC07449-D140-403E-8FC9-ACAB0EFA4DF4}"
EndProject
Global
	GlobalSection(SolutionConfigurationPlatforms) = preSolution
		Debug|Any CPU = Debug|Any CPU
		Release|Any CPU = Release|Any CPU
	EndGlobalSection
	GlobalSection(ProjectConfigurationPlatforms) = postSolution
		{57509CCB-58E2-4C11-974B-985D499E7A32}.Debug|Any CPU.ActiveCfg = Debug|Any CPU
		{57509CCB-58E2-4C11-974B-985D499E7A32}.Debug|Any CPU.Build.0 = Debug|Any CPU
		{57509CCB-58E2-4C11-974B-985D499E7A32}.Release|Any CPU.ActiveCfg = Release|Any CPU
		{57509CCB-58E2-4C11-974B-985D499E7A32}.Release|Any CPU.Build.0 = Release|Any CPU
		{FDC07449-D140-403E-8FC9-ACAB0EFA4DF4}.Debug|Any CPU.ActiveCfg = Debug|Any CPU
		{FDC07449-D140-403E-8FC9-ACAB0EFA4DF4}.Debug|Any CPU.Build.0 = Debug|Any CPU
		{FDC07449-D140-403E-8FC9-ACAB0EFA4DF4}.Release|Any CPU.ActiveCfg = Release|Any CPU
		{FDC07449-D140-403E-8FC9-ACAB0EFA4DF4}.Release|Any CPU.Build.0 = Release|Any CPU
	EndGlobalSection
EndGlobal
